{
    "_readme": [
        "This file locks the dependencies of your project to a known state",
        "Read more about it at http://getcomposer.org/doc/01-basic-usage.md#composer-lock-the-lock-file",
        "This file is @generated automatically"
    ],
    "hash": "d67ecc6fb15dfb95032b5bfdfa2205fa",
    "packages": [
        {
            "name": "anax/mvc",
            "version": "dev-master",
            "source": {
                "type": "git",
                "url": "https://github.com/mosbth/Anax-MVC.git",
                "reference": "1c6473e63909b88378f611db704e05e18a3977b2"
            },
            "dist": {
                "type": "zip",
                "url": "https://api.github.com/repos/mosbth/Anax-MVC/zipball/1c6473e63909b88378f611db704e05e18a3977b2",
                "reference": "1c6473e63909b88378f611db704e05e18a3977b2",
                "shasum": ""
            },
            "require": {
                "php": ">=5.4"
            },
            "type": "library",
            "autoload": {
                "psr-4": {
                    "Anax\\": "src/"
                }
            },
            "notification-url": "https://packagist.org/downloads/",
            "license": [
                "MIT"
            ],
            "authors": [
                {
                    "name": "Mikael Roos",
                    "email": "me@mikaelroos.se",
                    "homepage": "http://mikaelroos.se",
                    "role": "Developer"
                }
            ],
            "description": "Webtemplate to create websites",
            "homepage": "http://dbwebb.se",
            "keywords": [
                "boilerplate",
                "education",
                "framework",
                "micro",
                "mvc"
            ],
            "time": "2015-02-11 13:40:17"
        }
    ],
    "packages-dev": [],
    "aliases": [],
    "minimum-stability": "stable",
    "stability-flags": {
        "anax/mvc": 20
    },
    "prefer-stable": false,
    "prefer-lowest": false,
    "platform": [],
    "platform-dev": []
}
